
Microsoft Visual Studio Solution File, Format Version 12.00
# Visual Studio Version 16
VisualStudioVersion = 16.0.29215.179
MinimumVisualStudioVersion = 10.0.40219.1
Project("{F184B08F-C81C-45F6-A57F-5ABD9991F28F}") = "Exercise1", "Exercise1\Exercise1.vbproj", "{FBB7729B-A381-4254-8784-F7A40C463EAE}"
EndProject
Global
	GlobalSection(SolutionConfigurationPlatforms) = preSolution
		Debug|Any CPU = Debug|Any CPU
		Release|Any CPU = Release|Any CPU
	EndGlobalSection
	GlobalSection(ProjectConfigurationPlatforms) = postSolution
		{FBB7729B-A381-4254-8784-F7A40C463EAE}.Debug|Any CPU.ActiveCfg = Debug|Any CPU
		{FBB7729B-A381-4254-8784-F7A40C463EAE}.Debug|Any CPU.Build.0 = Debug|Any CPU
		{FBB7729B-A381-4254-8784-F7A40C463EAE}.Release|Any CPU.ActiveCfg = Release|Any CPU
		{FBB7729B-A381-4254-8784-F7A40C463EAE}.Release|Any CPU.Build.0 = Release|Any CPU
	EndGlobalSection
	GlobalSection(SolutionProperties) = preSolution
		HideSolutionNode = FALSE
	EndGlobalSection
	GlobalSection(ExtensibilityGlobals) = postSolution
		SolutionGuid = {1BF73664-064C-4510-8CCE-E88FBED4E4DF}
	EndGlobalSection
EndGlobal
