
Microsoft Visual Studio Solution File, Format Version 12.00
# Visual Studio 15
VisualStudioVersion = 15.0.28307.572
MinimumVisualStudioVersion = 10.0.40219.1
Project("{F184B08F-C81C-45F6-A57F-5ABD9991F28F}") = "BookApp", "BookApp\BookApp.vbproj", "{F12DCC2A-6636-470C-91CB-7102BFD24590}"
EndProject
Global
	GlobalSection(SolutionConfigurationPlatforms) = preSolution
		Debug|Any CPU = Debug|Any CPU
		Release|Any CPU = Release|Any CPU
	EndGlobalSection
	GlobalSection(ProjectConfigurationPlatforms) = postSolution
		{F12DCC2A-6636-470C-91CB-7102BFD24590}.Debug|Any CPU.ActiveCfg = Debug|Any CPU
		{F12DCC2A-6636-470C-91CB-7102BFD24590}.Debug|Any CPU.Build.0 = Debug|Any CPU
		{F12DCC2A-6636-470C-91CB-7102BFD24590}.Release|Any CPU.ActiveCfg = Release|Any CPU
		{F12DCC2A-6636-470C-91CB-7102BFD24590}.Release|Any CPU.Build.0 = Release|Any CPU
	EndGlobalSection
	GlobalSection(SolutionProperties) = preSolution
		HideSolutionNode = FALSE
	EndGlobalSection
	GlobalSection(ExtensibilityGlobals) = postSolution
		SolutionGuid = {FA2E8155-421B-4AA6-BAA9-51976500E129}
	EndGlobalSection
EndGlobal
